
Microsoft Visual Studio Solution File, Format Version 12.00
# Visual Studio 15
VisualStudioVersion = 15.0.26403.7
MinimumVisualStudioVersion = 10.0.40219.1
Project("{FAE04EC0-301F-11D3-BF4B-00C04F79EFBC}") = "3dRenderer", "3dRenderer\3dRenderer.csproj", "{FC5658FD-9C78-46FE-A4C3-48243202C49A}"
EndProject
Global
	GlobalSection(SolutionConfigurationPlatforms) = preSolution
		Debug|Any CPU = Debug|Any CPU
		Release|Any CPU = Release|Any CPU
	EndGlobalSection
	GlobalSection(ProjectConfigurationPlatforms) = postSolution
		{FC5658FD-9C78-46FE-A4C3-48243202C49A}.Debug|Any CPU.ActiveCfg = Debug|Any CPU
		{FC5658FD-9C78-46FE-A4C3-48243202C49A}.Debug|Any CPU.Build.0 = Debug|Any CPU
		{FC5658FD-9C78-46FE-A4C3-48243202C49A}.Release|Any CPU.ActiveCfg = Release|Any CPU
		{FC5658FD-9C78-46FE-A4C3-48243202C49A}.Release|Any CPU.Build.0 = Release|Any CPU
	EndGlobalSection
	GlobalSection(SolutionProperties) = preSolution
		HideSolutionNode = FALSE
	EndGlobalSection
EndGlobal
